// !$*UTF8*$!
{
	archiveVersion = 1;
	classes = {
	};
	objectVersion = 50;
	objects = {

/* Begin PBXBuildFile section */
		4F0427FC2501849F003220E6 /* AppDelegate.swift in Sources */ = {isa = PBXBuildFile; fileRef = 4F0427FB2501849F003220E6 /* AppDelegate.swift */; };
		4F0427FE2501849F003220E6 /* ContentView.swift in Sources */ = {isa = PBXBuildFile; fileRef = 4F0427FD2501849F003220E6 /* ContentView.swift */; };
		4F042800250184A0003220E6 /* Assets.xcassets in Resources */ = {isa = PBXBuildFile; fileRef = 4F0427FF250184A0003220E6 /* Assets.xcassets */; };
		4F042803250184A0003220E6 /* Preview Assets.xcassets in Resources */ = {isa = PBXBuildFile; fileRef = 4F042802250184A0003220E6 /* Preview Assets.xcassets */; };
		4F042806250184A0003220E6 /* Main.storyboard in Resources */ = {isa = PBXBuildFile; fileRef = 4F042804250184A0003220E6 /* Main.storyboard */; };
		4F042812250184A1003220E6 /* CapsLockStatusBarTests.swift in Sources */ = {isa = PBXBuildFile; fileRef = 4F042811250184A1003220E6 /* CapsLockStatusBarTests.swift */; };
		4F04281D250184A1003220E6 /* CapsLockStatusBarUITests.swift in Sources */ = {isa = PBXBuildFile; fileRef = 4F04281C250184A1003220E6 /* CapsLockStatusBarUITests.swift */; };
/* End PBXBuildFile section */

/* Begin PBXContainerItemProxy section */
		4F04280E250184A1003220E6 /* PBXContainerItemProxy */ = {
			isa = PBXContainerItemProxy;
			containerPortal = 4F0427F02501849E003220E6 /* Project object */;
			proxyType = 1;
			remoteGlobalIDString = 4F0427F72501849E003220E6;
			remoteInfo = CapsLockStatusBar;
		};
		4F042819250184A1003220E6 /* PBXContainerItemProxy */ = {
			isa = PBXContainerItemProxy;
			containerPortal = 4F0427F02501849E003220E6 /* Project object */;
			proxyType = 1;
			remoteGlobalIDString = 4F0427F72501849E003220E6;
			remoteInfo = CapsLockStatusBar;
		};
/* End PBXContainerItemProxy section */

/* Begin PBXFileReference section */
		4F0427F82501849F003220E6 /* CapsLockStatusBar.app */ = {isa = PBXFileReference; explicitFileType = wrapper.application; includeInIndex = 0; path = CapsLockStatusBar.app; sourceTree = BUILT_PRODUCTS_DIR; };
		4F0427FB2501849F003220E6 /* AppDelegate.swift */ = {isa = PBXFileReference; lastKnownFileType = sourcecode.swift; path = AppDelegate.swift; sourceTree = "<group>"; };
		4F0427FD2501849F003220E6 /* ContentView.swift */ = {isa = PBXFileReference; lastKnownFileType = sourcecode.swift; path = ContentView.swift; sourceTree = "<group>"; };
		4F0427FF250184A0003220E6 /* Assets.xcassets */ = {isa = PBXFileReference; lastKnownFileType = folder.assetcatalog; path = Assets.xcassets; sourceTree = "<group>"; };
		4F042802250184A0003220E6 /* Preview Assets.xcassets */ = {isa = PBXFileReference; lastKnownFileType = folder.assetcatalog; path = "Preview Assets.xcassets"; sourceTree = "<group>"; };
		4F042805250184A0003220E6 /* Base */ = {isa = PBXFileReference; lastKnownFileType = file.storyboard; name = Base; path = Base.lproj/Main.storyboard; sourceTree = "<group>"; };
		4F042807250184A0003220E6 /* Info.plist */ = {isa = PBXFileReference; lastKnownFileType = text.plist.xml; path = Info.plist; sourceTree = "<group>"; };
		4F042808250184A0003220E6 /* CapsLockStatusBar.entitlements */ = {isa = PBXFileReference; lastKnownFileType = text.plist.entitlements; path = CapsLockStatusBar.entitlements; sourceTree = "<group>"; };
		4F04280D250184A1003220E6 /* CapsLockStatusBarTests.xctest */ = {isa = PBXFileReference; explicitFileType = wrapper.cfbundle; includeInIndex = 0; path = CapsLockStatusBarTests.xctest; sourceTree = BUILT_PRODUCTS_DIR; };
		4F042811250184A1003220E6 /* CapsLockStatusBarTests.swift */ = {isa = PBXFileReference; lastKnownFileType = sourcecode.swift; path = CapsLockStatusBarTests.swift; sourceTree = "<group>"; };
		4F042813250184A1003220E6 /* Info.plist */ = {isa = PBXFileReference; lastKnownFileType = text.plist.xml; path = Info.plist; sourceTree = "<group>"; };
		4F042818250184A1003220E6 /* CapsLockStatusBarUITests.xctest */ = {isa = PBXFileReference; explicitFileType = wrapper.cfbundle; includeInIndex = 0; path = CapsLockStatusBarUITests.xctest; sourceTree = BUILT_PRODUCTS_DIR; };
		4F04281C250184A1003220E6 /* CapsLockStatusBarUITests.swift */ = {isa = PBXFileReference; lastKnownFileType = sourcecode.swift; path = CapsLockStatusBarUITests.swift; sourceTree = "<group>"; };
		4F04281E250184A1003220E6 /* Info.plist */ = {isa = PBXFileReference; lastKnownFileType = text.plist.xml; path = Info.plist; sourceTree = "<group>"; };
/* End PBXFileReference section */

/* Begin PBXFrameworksBuildPhase section */
		4F0427F52501849E003220E6 /* Frameworks */ = {
			isa = PBXFrameworksBuildPhase;
			buildActionMask = 2147483647;
			files = (
			);
			runOnlyForDeploymentPostprocessing = 0;
		};
		4F04280A250184A1003220E6 /* Frameworks */ = {
			isa = PBXFrameworksBuildPhase;
			buildActionMask = 2147483647;
			files = (
			);
			runOnlyForDeploymentPostprocessing = 0;
		};
		4F042815250184A1003220E6 /* Frameworks */ = {
			isa = PBXFrameworksBuildPhase;
			buildActionMask = 2147483647;
			files = (
			);
			runOnlyForDeploymentPostprocessing = 0;
		};
/* End PBXFrameworksBuildPhase section */

/* Begin PBXGroup section */
		4F0427EF2501849E003220E6 = {
			isa = PBXGroup;
			children = (
				4F0427FA2501849F003220E6 /* CapsLockStatusBar */,
				4F042810250184A1003220E6 /* CapsLockStatusBarTests */,
				4F04281B250184A1003220E6 /* CapsLockStatusBarUITests */,
				4F0427F92501849F003220E6 /* Products */,
			);
			sourceTree = "<group>";
		};
		4F0427F92501849F003220E6 /* Products */ = {
			isa = PBXGroup;
			children = (
				4F0427F82501849F003220E6 /* CapsLockStatusBar.app */,
				4F04280D250184A1003220E6 /* CapsLockStatusBarTests.xctest */,
				4F042818250184A1003220E6 /* CapsLockStatusBarUITests.xctest */,
			);
			name = Products;
			sourceTree = "<group>";
		};
		4F0427FA2501849F003220E6 /* CapsLockStatusBar */ = {
			isa = PBXGroup;
			children = (
				4F0427FB2501849F003220E6 /* AppDelegate.swift */,
				4F0427FD2501849F003220E6 /* ContentView.swift */,
				4F0427FF250184A0003220E6 /* Assets.xcassets */,
				4F042804250184A0003220E6 /* Main.storyboard */,
				4F042807250184A0003220E6 /* Info.plist */,
				4F042808250184A0003220E6 /* CapsLockStatusBar.entitlements */,
				4F042801250184A0003220E6 /* Preview Content */,
			);
			path = CapsLockStatusBar;
			sourceTree = "<group>";
		};
		4F042801250184A0003220E6 /* Preview Content */ = {
			isa = PBXGroup;
			children = (
				4F042802250184A0003220E6 /* Preview Assets.xcassets */,
			);
			path = "Preview Content";
			sourceTree = "<group>";
		};
		4F042810250184A1003220E6 /* CapsLockStatusBarTests */ = {
			isa = PBXGroup;
			children = (
				4F042811250184A1003220E6 /* CapsLockStatusBarTests.swift */,
				4F042813250184A1003220E6 /* Info.plist */,
			);
			path = CapsLockStatusBarTests;
			sourceTree = "<group>";
		};
		4F04281B250184A1003220E6 /* CapsLockStatusBarUITests */ = {
			isa = PBXGroup;
			children = (
				4F04281C250184A1003220E6 /* CapsLockStatusBarUITests.swift */,
				4F04281E250184A1003220E6 /* Info.plist */,
			);
			path = CapsLockStatusBarUITests;
			sourceTree = "<group>";
		};
/* End PBXGroup section */

/* Begin PBXNativeTarget section */
		4F0427F72501849E003220E6 /* CapsLockStatusBar */ = {
			isa = PBXNativeTarget;
			buildConfigurationList = 4F042821250184A1003220E6 /* Build configuration list for PBXNativeTarget "CapsLockStatusBar" */;
			buildPhases = (
				4F0427F42501849E003220E6 /* Sources */,
				4F0427F52501849E003220E6 /* Frameworks */,
				4F0427F62501849E003220E6 /* Resources */,
			);
			buildRules = (
			);
			dependencies = (
			);
			name = CapsLockStatusBar;
			productName = CapsLockStatusBar;
			productReference = 4F0427F82501849F003220E6 /* CapsLockStatusBar.app */;
			productType = "com.apple.product-type.application";
		};
		4F04280C250184A1003220E6 /* CapsLockStatusBarTests */ = {
			isa = PBXNativeTarget;
			buildConfigurationList = 4F042824250184A1003220E6 /* Build configuration list for PBXNativeTarget "CapsLockStatusBarTests" */;
			buildPhases = (
				4F042809250184A1003220E6 /* Sources */,
				4F04280A250184A1003220E6 /* Frameworks */,
				4F04280B250184A1003220E6 /* Resources */,
			);
			buildRules = (
			);
			dependencies = (
				4F04280F250184A1003220E6 /* PBXTargetDependency */,
			);
			name = CapsLockStatusBarTests;
			productName = CapsLockStatusBarTests;
			productReference = 4F04280D250184A1003220E6 /* CapsLockStatusBarTests.xctest */;
			productType = "com.apple.product-type.bundle.unit-test";
		};
		4F042817250184A1003220E6 /* CapsLockStatusBarUITests */ = {
			isa = PBXNativeTarget;
			buildConfigurationList = 4F042827250184A1003220E6 /* Build configuration list for PBXNativeTarget "CapsLockStatusBarUITests" */;
			buildPhases = (
				4F042814250184A1003220E6 /* Sources */,
				4F042815250184A1003220E6 /* Frameworks */,
				4F042816250184A1003220E6 /* Resources */,
			);
			buildRules = (
			);
			dependencies = (
				4F04281A250184A1003220E6 /* PBXTargetDependency */,
			);
			name = CapsLockStatusBarUITests;
			productName = CapsLockStatusBarUITests;
			productReference = 4F042818250184A1003220E6 /* CapsLockStatusBarUITests.xctest */;
			productType = "com.apple.product-type.bundle.ui-testing";
		};
/* End PBXNativeTarget section */

/* Begin PBXProject section */
		4F0427F02501849E003220E6 /* Project object */ = {
			isa = PBXProject;
			attributes = {
				LastSwiftUpdateCheck = 1170;
				LastUpgradeCheck = 1170;
				ORGANIZATIONNAME = Hykilpikonna;
				TargetAttributes = {
					4F0427F72501849E003220E6 = {
						CreatedOnToolsVersion = 11.7;
					};
					4F04280C250184A1003220E6 = {
						CreatedOnToolsVersion = 11.7;
						TestTargetID = 4F0427F72501849E003220E6;
					};
					4F042817250184A1003220E6 = {
						CreatedOnToolsVersion = 11.7;
						TestTargetID = 4F0427F72501849E003220E6;
					};
				};
			};
			buildConfigurationList = 4F0427F32501849E003220E6 /* Build configuration list for PBXProject "CapsLockStatusBar" */;
			compatibilityVersion = "Xcode 9.3";
			developmentRegion = en;
			hasScannedForEncodings = 0;
			knownRegions = (
				en,
				Base,
			);
			mainGroup = 4F0427EF2501849E003220E6;
			productRefGroup = 4F0427F92501849F003220E6 /* Products */;
			projectDirPath = "";
			projectRoot = "";
			targets = (
				4F0427F72501849E003220E6 /* CapsLockStatusBar */,
				4F04280C250184A1003220E6 /* CapsLockStatusBarTests */,
				4F042817250184A1003220E6 /* CapsLockStatusBarUITests */,
			);
		};
/* End PBXProject section */

/* Begin PBXResourcesBuildPhase section */
		4F0427F62501849E003220E6 /* Resources */ = {
			isa = PBXResourcesBuildPhase;
			buildActionMask = 2147483647;
			files = (
				4F042806250184A0003220E6 /* Main.storyboard in Resources */,
				4F042803250184A0003220E6 /* Preview Assets.xcassets in Resources */,
				4F042800250184A0003220E6 /* Assets.xcassets in Resources */,
			);
			runOnlyForDeploymentPostprocessing = 0;
		};
		4F04280B250184A1003220E6 /* Resources */ = {
			isa = PBXResourcesBuildPhase;
			buildActionMask = 2147483647;
			files = (
			);
			runOnlyForDeploymentPostprocessing = 0;
		};
		4F042816250184A1003220E6 /* Resources */ = {
			isa = PBXResourcesBuildPhase;
			buildActionMask = 2147483647;
			files = (
			);
			runOnlyForDeploymentPostprocessing = 0;
		};
/* End PBXResourcesBuildPhase section */

/* Begin PBXSourcesBuildPhase section */
		4F0427F42501849E003220E6 /* Sources */ = {
			isa = PBXSourcesBuildPhase;
			buildActionMask = 2147483647;
			files = (
				4F0427FE2501849F003220E6 /* ContentView.swift in Sources */,
				4F0427FC2501849F003220E6 /* AppDelegate.swift in Sources */,
			);
			runOnlyForDeploymentPostprocessing = 0;
		};
		4F042809250184A1003220E6 /* Sources */ = {
			isa = PBXSourcesBuildPhase;
			buildActionMask = 2147483647;
			files = (
				4F042812250184A1003220E6 /* CapsLockStatusBarTests.swift in Sources */,
			);
			runOnlyForDeploymentPostprocessing = 0;
		};
		4F042814250184A1003220E6 /* Sources */ = {
			isa = PBXSourcesBuildPhase;
			buildActionMask = 2147483647;
			files = (
				4F04281D250184A1003220E6 /* CapsLockStatusBarUITests.swift in Sources */,
			);
			runOnlyForDeploymentPostprocessing = 0;
		};
/* End PBXSourcesBuildPhase section */

/* Begin PBXTargetDependency section */
		4F04280F250184A1003220E6 /* PBXTargetDependency */ = {
			isa = PBXTargetDependency;
			target = 4F0427F72501849E003220E6 /* CapsLockStatusBar */;
			targetProxy = 4F04280E250184A1003220E6 /* PBXContainerItemProxy */;
		};
		4F04281A250184A1003220E6 /* PBXTargetDependency */ = {
			isa = PBXTargetDependency;
			target = 4F0427F72501849E003220E6 /* CapsLockStatusBar */;
			targetProxy = 4F042819250184A1003220E6 /* PBXContainerItemProxy */;
		};
/* End PBXTargetDependency section */

/* Begin PBXVariantGroup section */
		4F042804250184A0003220E6 /* Main.storyboard */ = {
			isa = PBXVariantGroup;
			children = (
				4F042805250184A0003220E6 /* Base */,
			);
			name = Main.storyboard;
			sourceTree = "<group>";
		};
/* End PBXVariantGroup section */

/* Begin XCBuildConfiguration section */
		4F04281F250184A1003220E6 /* Debug */ = {
			isa = XCBuildConfiguration;
			buildSettings = {
				ALWAYS_SEARCH_USER_PATHS = NO;
				CLANG_ANALYZER_NONNULL = YES;
				CLANG_ANALYZER_NUMBER_OBJECT_CONVERSION = YES_AGGRESSIVE;
				CLANG_CXX_LANGUAGE_STANDARD = "gnu++14";
				CLANG_CXX_LIBRARY = "libc++";
				CLANG_ENABLE_MODULES = YES;
				CLANG_ENABLE_OBJC_ARC = YES;
				CLANG_ENABLE_OBJC_WEAK = YES;
				CLANG_WARN_BLOCK_CAPTURE_AUTORELEASING = YES;
				CLANG_WARN_BOOL_CONVERSION = YES;
				CLANG_WARN_COMMA = YES;
				CLANG_WARN_CONSTANT_CONVERSION = YES;
				CLANG_WARN_DEPRECATED_OBJC_IMPLEMENTATIONS = YES;
				CLANG_WARN_DIRECT_OBJC_ISA_USAGE = YES_ERROR;
				CLANG_WARN_DOCUMENTATION_COMMENTS = YES;
				CLANG_WARN_EMPTY_BODY = YES;
				CLANG_WARN_ENUM_CONVERSION = YES;
				CLANG_WARN_INFINITE_RECURSION = YES;
				CLANG_WARN_INT_CONVERSION = YES;
				CLANG_WARN_NON_LITERAL_NULL_CONVERSION = YES;
				CLANG_WARN_OBJC_IMPLICIT_RETAIN_SELF = YES;
				CLANG_WARN_OBJC_LITERAL_CONVERSION = YES;
				CLANG_WARN_OBJC_ROOT_CLASS = YES_ERROR;
				CLANG_WARN_RANGE_LOOP_ANALYSIS = YES;
				CLANG_WARN_STRICT_PROTOTYPES = YES;
				CLANG_WARN_SUSPICIOUS_MOVE = YES;
				CLANG_WARN_UNGUARDED_AVAILABILITY = YES_AGGRESSIVE;
				CLANG_WARN_UNREACHABLE_CODE = YES;
				CLANG_WARN__DUPLICATE_METHOD_MATCH = YES;
				COPY_PHASE_STRIP = NO;
				DEBUG_INFORMATION_FORMAT = dwarf;
				ENABLE_STRICT_OBJC_MSGSEND = YES;
				ENABLE_TESTABILITY = YES;
				GCC_C_LANGUAGE_STANDARD = gnu11;
				GCC_DYNAMIC_NO_PIC = NO;
				GCC_NO_COMMON_BLOCKS = YES;
				GCC_OPTIMIZATION_LEVEL = 0;
				GCC_PREPROCESSOR_DEFINITIONS = (
					"DEBUG=1",
					"$(inherited)",
				);
				GCC_WARN_64_TO_32_BIT_CONVERSION = YES;
				GCC_WARN_ABOUT_RETURN_TYPE = YES_ERROR;
				GCC_WARN_UNDECLARED_SELECTOR = YES;
				GCC_WARN_UNINITIALIZED_AUTOS = YES_AGGRESSIVE;
				GCC_WARN_UNUSED_FUNCTION = YES;
				GCC_WARN_UNUSED_VARIABLE = YES;
				MACOSX_DEPLOYMENT_TARGET = 10.15;
				MTL_ENABLE_DEBUG_INFO = INCLUDE_SOURCE;
				MTL_FAST_MATH = YES;
				ONLY_ACTIVE_ARCH = YES;
				SDKROOT = macosx;
				SWIFT_ACTIVE_COMPILATION_CONDITIONS = DEBUG;
				SWIFT_OPTIMIZATION_LEVEL = "-Onone";
			};
			name = Debug;
		};
		4F042820250184A1003220E6 /* Release */ = {
			isa = XCBuildConfiguration;
			buildSettings = {
				ALWAYS_SEARCH_USER_PATHS = NO;
				CLANG_ANALYZER_NONNULL = YES;
				CLANG_ANALYZER_NUMBER_OBJECT_CONVERSION = YES_AGGRESSIVE;
				CLANG_CXX_LANGUAGE_STANDARD = "gnu++14";
				CLANG_CXX_LIBRARY = "libc++";
				CLANG_ENABLE_MODULES = YES;
				CLANG_ENABLE_OBJC_ARC = YES;
				CLANG_ENABLE_OBJC_WEAK = YES;
				CLANG_WARN_BLOCK_CAPTURE_AUTORELEASING = YES;
				CLANG_WARN_BOOL_CONVERSION = YES;
				CLANG_WARN_COMMA = YES;
				CLANG_WARN_CONSTANT_CONVERSION = YES;
				CLANG_WARN_DEPRECATED_OBJC_IMPLEMENTATIONS = YES;
				CLANG_WARN_DIRECT_OBJC_ISA_USAGE = YES_ERROR;
				CLANG_WARN_DOCUMENTATION_COMMENTS = YES;
				CLANG_WARN_EMPTY_BODY = YES;
				CLANG_WARN_ENUM_CONVERSION = YES;
				CLANG_WARN_INFINITE_RECURSION = YES;
				CLANG_WARN_INT_CONVERSION = YES;
				CLANG_WARN_NON_LITERAL_NULL_CONVERSION = YES;
				CLANG_WARN_OBJC_IMPLICIT_RETAIN_SELF = YES;
				CLANG_WARN_OBJC_LITERAL_CONVERSION = YES;
				CLANG_WARN_OBJC_ROOT_CLASS = YES_ERROR;
				CLANG_WARN_RANGE_LOOP_ANALYSIS = YES;
				CLANG_WARN_STRICT_PROTOTYPES = YES;
				CLANG_WARN_SUSPICIOUS_MOVE = YES;
				CLANG_WARN_UNGUARDED_AVAILABILITY = YES_AGGRESSIVE;
				CLANG_WARN_UNREACHABLE_CODE = YES;
				CLANG_WARN__DUPLICATE_METHOD_MATCH = YES;
				COPY_PHASE_STRIP = NO;
				DEBUG_INFORMATION_FORMAT = "dwarf-with-dsym";
				ENABLE_NS_ASSERTIONS = NO;
				ENABLE_STRICT_OBJC_MSGSEND = YES;
				GCC_C_LANGUAGE_STANDARD = gnu11;
				GCC_NO_COMMON_BLOCKS = YES;
				GCC_WARN_64_TO_32_BIT_CONVERSION = YES;
				GCC_WARN_ABOUT_RETURN_TYPE = YES_ERROR;
				GCC_WARN_UNDECLARED_SELECTOR = YES;
				GCC_WARN_UNINITIALIZED_AUTOS = YES_AGGRESSIVE;
				GCC_WARN_UNUSED_FUNCTION = YES;
				GCC_WARN_UNUSED_VARIABLE = YES;
				MACOSX_DEPLOYMENT_TARGET = 10.15;
				MTL_ENABLE_DEBUG_INFO = NO;
				MTL_FAST_MATH = YES;
				SDKROOT = macosx;
				SWIFT_COMPILATION_MODE = wholemodule;
				SWIFT_OPTIMIZATION_LEVEL = "-O";
			};
			name = Release;
		};
		4F042822250184A1003220E6 /* Debug */ = {
			isa = XCBuildConfiguration;
			buildSettings = {
				ASSETCATALOG_COMPILER_APPICON_NAME = AppIcon;
				CODE_SIGN_ENTITLEMENTS = CapsLockStatusBar/CapsLockStatusBar.entitlements;
				CODE_SIGN_STYLE = Automatic;
				COMBINE_HIDPI_IMAGES = YES;
				DEVELOPMENT_ASSET_PATHS = "\"CapsLockStatusBar/Preview Content\"";
				DEVELOPMENT_TEAM = JJNC9EQDFU;
				ENABLE_HARDENED_RUNTIME = YES;
				ENABLE_PREVIEWS = YES;
				INFOPLIST_FILE = CapsLockStatusBar/Info.plist;
				LD_RUNPATH_SEARCH_PATHS = (
					"$(inherited)",
					"@executable_path/../Frameworks",
				);
				MACOSX_DEPLOYMENT_TARGET = 10.15;
				PRODUCT_BUNDLE_IDENTIFIER = org.hydev.CapsLockStatusBar;
				PRODUCT_NAME = "$(TARGET_NAME)";
				SWIFT_VERSION = 5.0;
			};
			name = Debug;
		};
		4F042823250184A1003220E6 /* Release */ = {
			isa = XCBuildConfiguration;
			buildSettings = {
				ASSETCATALOG_COMPILER_APPICON_NAME = AppIcon;
				CODE_SIGN_ENTITLEMENTS = CapsLockStatusBar/CapsLockStatusBar.entitlements;
				CODE_SIGN_STYLE = Automatic;
				COMBINE_HIDPI_IMAGES = YES;
				DEVELOPMENT_ASSET_PATHS = "\"CapsLockStatusBar/Preview Content\"";
				DEVELOPMENT_TEAM = JJNC9EQDFU;
				ENABLE_HARDENED_RUNTIME = YES;
				ENABLE_PREVIEWS = YES;
				INFOPLIST_FILE = CapsLockStatusBar/Info.plist;
				LD_RUNPATH_SEARCH_PATHS = (
					"$(inherited)",
					"@executable_path/../Frameworks",
				);
				MACOSX_DEPLOYMENT_TARGET = 10.15;
				PRODUCT_BUNDLE_IDENTIFIER = org.hydev.CapsLockStatusBar;
				PRODUCT_NAME = "$(TARGET_NAME)";
				SWIFT_VERSION = 5.0;
			};
			name = Release;
		};
		4F042825250184A1003220E6 /* Debug */ = {
			isa = XCBuildConfiguration;
			buildSettings = {
				ALWAYS_EMBED_SWIFT_STANDARD_LIBRARIES = YES;
				BUNDLE_LOADER = "$(TEST_HOST)";
				CODE_SIGN_STYLE = Automatic;
				COMBINE_HIDPI_IMAGES = YES;
				DEVELOPMENT_TEAM = JJNC9EQDFU;
				INFOPLIST_FILE = CapsLockStatusBarTests/Info.plist;
				LD_RUNPATH_SEARCH_PATHS = (
					"$(inherited)",
					"@executable_path/../Frameworks",
					"@loader_path/../Frameworks",
				);
				MACOSX_DEPLOYMENT_TARGET = 10.15;
				PRODUCT_BUNDLE_IDENTIFIER = org.hydev.CapsLockStatusBarTests;
				PRODUCT_NAME = "$(TARGET_NAME)";
				SWIFT_VERSION = 5.0;
				TEST_HOST = "$(BUILT_PRODUCTS_DIR)/CapsLockStatusBar.app/Contents/MacOS/CapsLockStatusBar";
			};
			name = Debug;
		};
		4F042826250184A1003220E6 /* Release */ = {
			isa = XCBuildConfiguration;
			buildSettings = {
				ALWAYS_EMBED_SWIFT_STANDARD_LIBRARIES = YES;
				BUNDLE_LOADER = "$(TEST_HOST)";
				CODE_SIGN_STYLE = Automatic;
				COMBINE_HIDPI_IMAGES = YES;
				DEVELOPMENT_TEAM = JJNC9EQDFU;
				INFOPLIST_FILE = CapsLockStatusBarTests/Info.plist;
				LD_RUNPATH_SEARCH_PATHS = (
					"$(inherited)",
					"@executable_path/../Frameworks",
					"@loader_path/../Frameworks",
				);
				MACOSX_DEPLOYMENT_TARGET = 10.15;
				PRODUCT_BUNDLE_IDENTIFIER = org.hydev.CapsLockStatusBarTests;
				PRODUCT_NAME = "$(TARGET_NAME)";
				SWIFT_VERSION = 5.0;
				TEST_HOST = "$(BUILT_PRODUCTS_DIR)/CapsLockStatusBar.app/Contents/MacOS/CapsLockStatusBar";
			};
			name = Release;
		};
		4F042828250184A1003220E6 /* Debug */ = {
			isa = XCBuildConfiguration;
			buildSettings = {
				ALWAYS_EMBED_SWIFT_STANDARD_LIBRARIES = YES;
				CODE_SIGN_STYLE = Automatic;
				COMBINE_HIDPI_IMAGES = YES;
				DEVELOPMENT_TEAM = JJNC9EQDFU;
				INFOPLIST_FILE = CapsLockStatusBarUITests/Info.plist;
				LD_RUNPATH_SEARCH_PATHS = (
					"$(inherited)",
					"@executable_path/../Frameworks",
					"@loader_path/../Frameworks",
				);
				PRODUCT_BUNDLE_IDENTIFIER = org.hydev.CapsLockStatusBarUITests;
				PRODUCT_NAME = "$(TARGET_NAME)";
				SWIFT_VERSION = 5.0;
				TEST_TARGET_NAME = CapsLockStatusBar;
			};
			name = Debug;
		};
		4F042829250184A1003220E6 /* Release */ = {
			isa = XCBuildConfiguration;
			buildSettings = {
				ALWAYS_EMBED_SWIFT_STANDARD_LIBRARIES = YES;
				CODE_SIGN_STYLE = Automatic;
				COMBINE_HIDPI_IMAGES = YES;
				DEVELOPMENT_TEAM = JJNC9EQDFU;
				INFOPLIST_FILE = CapsLockStatusBarUITests/Info.plist;
				LD_RUNPATH_SEARCH_PATHS = (
					"$(inherited)",
					"@executable_path/../Frameworks",
					"@loader_path/../Frameworks",
				);
				PRODUCT_BUNDLE_IDENTIFIER = org.hydev.CapsLockStatusBarUITests;
				PRODUCT_NAME = "$(TARGET_NAME)";
				SWIFT_VERSION = 5.0;
				TEST_TARGET_NAME = CapsLockStatusBar;
			};
			name = Release;
		};
/* End XCBuildConfiguration section */

/* Begin XCConfigurationList section */
		4F0427F32501849E003220E6 /* Build configuration list for PBXProject "CapsLockStatusBar" */ = {
			isa = XCConfigurationList;
			buildConfigurations = (
				4F04281F250184A1003220E6 /* Debug */,
				4F042820250184A1003220E6 /* Release */,
			);
			defaultConfigurationIsVisible = 0;
			defaultConfigurationName = Release;
		};
		4F042821250184A1003220E6 /* Build configuration list for PBXNativeTarget "CapsLockStatusBar" */ = {
			isa = XCConfigurationList;
			buildConfigurations = (
				4F042822250184A1003220E6 /* Debug */,
				4F042823250184A1003220E6 /* Release */,
			);
			defaultConfigurationIsVisible = 0;
			defaultConfigurationName = Release;
		};
		4F042824250184A1003220E6 /* Build configuration list for PBXNativeTarget "CapsLockStatusBarTests" */ = {
			isa = XCConfigurationList;
			buildConfigurations = (
				4F042825250184A1003220E6 /* Debug */,
				4F042826250184A1003220E6 /* Release */,
			);
			defaultConfigurationIsVisible = 0;
			defaultConfigurationName = Release;
		};
		4F042827250184A1003220E6 /* Build configuration list for PBXNativeTarget "CapsLockStatusBarUITests" */ = {
			isa = XCConfigurationList;
			buildConfigurations = (
				4F042828250184A1003220E6 /* Debug */,
				4F042829250184A1003220E6 /* Release */,
			);
			defaultConfigurationIsVisible = 0;
			defaultConfigurationName = Release;
		};
/* End XCConfigurationList section */
	};
	rootObject = 4F0427F02501849E003220E6 /* Project object */;
}
